
Microsoft Visual Studio Solution File, Format Version 12.00
# Visual Studio Version 17
VisualStudioVersion = 17.2.32616.157
MinimumVisualStudioVersion = 10.0.40219.1
Project("{FAE04EC0-301F-11D3-BF4B-00C04F79EFBC}") = "indexer_core6", "indexer_core6\indexer_core6.csproj", "{19AA5A69-D094-4DE0-B91B-61F8C022F4EF}"
EndProject
Global
	GlobalSection(SolutionConfigurationPlatforms) = preSolution
		Debug|Any CPU = Debug|Any CPU
		Release|Any CPU = Release|Any CPU
	EndGlobalSection
	GlobalSection(ProjectConfigurationPlatforms) = postSolution
		{19AA5A69-D094-4DE0-B91B-61F8C022F4EF}.Debug|Any CPU.ActiveCfg = Debug|Any CPU
		{19AA5A69-D094-4DE0-B91B-61F8C022F4EF}.Debug|Any CPU.Build.0 = Debug|Any CPU
		{19AA5A69-D094-4DE0-B91B-61F8C022F4EF}.Release|Any CPU.ActiveCfg = Release|Any CPU
		{19AA5A69-D094-4DE0-B91B-61F8C022F4EF}.Release|Any CPU.Build.0 = Release|Any CPU
	EndGlobalSection
	GlobalSection(SolutionProperties) = preSolution
		HideSolutionNode = FALSE
	EndGlobalSection
	GlobalSection(ExtensibilityGlobals) = postSolution
		SolutionGuid = {3770336E-8DC9-41BB-915B-6977320C53E8}
	EndGlobalSection
EndGlobal
